
Microsoft Visual Studio Solution File, Format Version 12.00
# Visual Studio Version 16
VisualStudioVersion = 16.0.31515.178
MinimumVisualStudioVersion = 10.0.40219.1
Project("{FAE04EC0-301F-11D3-BF4B-00C04F79EFBC}") = "RandomNumberDemo", "RandomNumberDemo\RandomNumberDemo.csproj", "{EC1C875C-69B9-4F49-8FB5-A3B6C873F425}"
EndProject
Global
	GlobalSection(SolutionConfigurationPlatforms) = preSolution
		Debug|Any CPU = Debug|Any CPU
		Release|Any CPU = Release|Any CPU
	EndGlobalSection
	GlobalSection(ProjectConfigurationPlatforms) = postSolution
		{EC1C875C-69B9-4F49-8FB5-A3B6C873F425}.Debug|Any CPU.ActiveCfg = Debug|Any CPU
		{EC1C875C-69B9-4F49-8FB5-A3B6C873F425}.Debug|Any CPU.Build.0 = Debug|Any CPU
		{EC1C875C-69B9-4F49-8FB5-A3B6C873F425}.Release|Any CPU.ActiveCfg = Release|Any CPU
		{EC1C875C-69B9-4F49-8FB5-A3B6C873F425}.Release|Any CPU.Build.0 = Release|Any CPU
	EndGlobalSection
	GlobalSection(SolutionProperties) = preSolution
		HideSolutionNode = FALSE
	EndGlobalSection
	GlobalSection(ExtensibilityGlobals) = postSolution
		SolutionGuid = {392275F1-9E2C-4B5D-B673-AC8020921F33}
	EndGlobalSection
EndGlobal
