
Microsoft Visual Studio Solution File, Format Version 12.00
# Visual Studio Version 16
VisualStudioVersion = 16.0.31321.278
MinimumVisualStudioVersion = 10.0.40219.1
Project("{FAE04EC0-301F-11D3-BF4B-00C04F79EFBC}") = "Esercizio_1", "Esercizio_1\Esercizio_1.csproj", "{F82DAF7A-D872-470C-86A2-68B46B4084A8}"
EndProject
Global
	GlobalSection(SolutionConfigurationPlatforms) = preSolution
		Debug|Any CPU = Debug|Any CPU
		Release|Any CPU = Release|Any CPU
	EndGlobalSection
	GlobalSection(ProjectConfigurationPlatforms) = postSolution
		{F82DAF7A-D872-470C-86A2-68B46B4084A8}.Debug|Any CPU.ActiveCfg = Debug|Any CPU
		{F82DAF7A-D872-470C-86A2-68B46B4084A8}.Debug|Any CPU.Build.0 = Debug|Any CPU
		{F82DAF7A-D872-470C-86A2-68B46B4084A8}.Release|Any CPU.ActiveCfg = Release|Any CPU
		{F82DAF7A-D872-470C-86A2-68B46B4084A8}.Release|Any CPU.Build.0 = Release|Any CPU
	EndGlobalSection
	GlobalSection(SolutionProperties) = preSolution
		HideSolutionNode = FALSE
	EndGlobalSection
	GlobalSection(ExtensibilityGlobals) = postSolution
		SolutionGuid = {B3F90BBE-5A53-405B-8325-365B905DCCA1}
	EndGlobalSection
EndGlobal
